
Microsoft Visual Studio Solution File, Format Version 12.00
# Visual Studio Version 17
VisualStudioVersion = 17.3.32901.215
MinimumVisualStudioVersion = 10.0.40219.1
Project("{9A19103F-16F7-4668-BE54-9A1E7A4F7556}") = "QuizAPiService", "QuizAPiService\QuizAPiService.csproj", "{D752CFCF-AC54-490C-A869-9F290CA8AF38}"
EndProject
Project("{9A19103F-16F7-4668-BE54-9A1E7A4F7556}") = "QuizMSTest", "QuizMSTest\QuizMSTest.csproj", "{F2D5EA46-C4DF-4685-8E3C-615A13E80828}"
EndProject
Project("{2150E333-8FDC-42A3-9474-1A3956D46DE8}") = "FrontEnd", "FrontEnd", "{2E4F3A5B-2A18-47CE-9DEA-496D7098D03F}"
	ProjectSection(SolutionItems) = preProject
		D:\Quiz App\Quiz_FrontEnd\White Template\admin1.html = D:\Quiz App\Quiz_FrontEnd\White Template\admin1.html
		D:\Quiz App\Quiz_FrontEnd\White Template\assign1.css = D:\Quiz App\Quiz_FrontEnd\White Template\assign1.css
		D:\Quiz App\Quiz_FrontEnd\White Template\Assign1.html = D:\Quiz App\Quiz_FrontEnd\White Template\Assign1.html
		D:\Quiz App\Quiz_FrontEnd\White Template\black.png = D:\Quiz App\Quiz_FrontEnd\White Template\black.png
		D:\Quiz App\Quiz_FrontEnd\White Template\contribute1.html = D:\Quiz App\Quiz_FrontEnd\White Template\contribute1.html
		D:\Quiz App\Quiz_FrontEnd\White Template\green.png = D:\Quiz App\Quiz_FrontEnd\White Template\green.png
		D:\Quiz App\Quiz_FrontEnd\White Template\Home.css = D:\Quiz App\Quiz_FrontEnd\White Template\Home.css
		D:\Quiz App\Quiz_FrontEnd\White Template\Home1.html = D:\Quiz App\Quiz_FrontEnd\White Template\Home1.html
		D:\Quiz App\Quiz_FrontEnd\White Template\navbar.css = D:\Quiz App\Quiz_FrontEnd\White Template\navbar.css
		D:\Quiz App\Quiz_FrontEnd\White Template\pattern.png = D:\Quiz App\Quiz_FrontEnd\White Template\pattern.png
		D:\Quiz App\Quiz_FrontEnd\White Template\patternpad.png = D:\Quiz App\Quiz_FrontEnd\White Template\patternpad.png
		D:\Quiz App\Quiz_FrontEnd\White Template\Take_Quiz1.html = D:\Quiz App\Quiz_FrontEnd\White Template\Take_Quiz1.html
	EndProjectSection
EndProject
Global
	GlobalSection(SolutionConfigurationPlatforms) = preSolution
		Debug|Any CPU = Debug|Any CPU
		Release|Any CPU = Release|Any CPU
	EndGlobalSection
	GlobalSection(ProjectConfigurationPlatforms) = postSolution
		{D752CFCF-AC54-490C-A869-9F290CA8AF38}.Debug|Any CPU.ActiveCfg = Debug|Any CPU
		{D752CFCF-AC54-490C-A869-9F290CA8AF38}.Debug|Any CPU.Build.0 = Debug|Any CPU
		{D752CFCF-AC54-490C-A869-9F290CA8AF38}.Release|Any CPU.ActiveCfg = Release|Any CPU
		{D752CFCF-AC54-490C-A869-9F290CA8AF38}.Release|Any CPU.Build.0 = Release|Any CPU
		{F2D5EA46-C4DF-4685-8E3C-615A13E80828}.Debug|Any CPU.ActiveCfg = Debug|Any CPU
		{F2D5EA46-C4DF-4685-8E3C-615A13E80828}.Debug|Any CPU.Build.0 = Debug|Any CPU
		{F2D5EA46-C4DF-4685-8E3C-615A13E80828}.Release|Any CPU.ActiveCfg = Release|Any CPU
		{F2D5EA46-C4DF-4685-8E3C-615A13E80828}.Release|Any CPU.Build.0 = Release|Any CPU
	EndGlobalSection
	GlobalSection(SolutionProperties) = preSolution
		HideSolutionNode = FALSE
	EndGlobalSection
	GlobalSection(ExtensibilityGlobals) = postSolution
		SolutionGuid = {30696D11-45CA-4AB0-9819-D9443F5BE462}
	EndGlobalSection
EndGlobal
